
Microsoft Visual Studio Solution File, Format Version 12.00
# Visual Studio Version 16
VisualStudioVersion = 16.0.29201.188
MinimumVisualStudioVersion = 10.0.40219.1
Project("{FAE04EC0-301F-11D3-BF4B-00C04F79EFBC}") = "LibDemo", "LibDemo\LibDemo.csproj", "{83B928C4-8BAF-46F7-9158-EC7AACB41728}"
EndProject
Project("{FAE04EC0-301F-11D3-BF4B-00C04F79EFBC}") = "LibDemo.Test", "LibDemo.Test\LibDemo.Test.csproj", "{0AE1BFC6-EBA2-4525-B2D1-312592F7DF79}"
EndProject
Global
	GlobalSection(SolutionConfigurationPlatforms) = preSolution
		Debug|Any CPU = Debug|Any CPU
		Release|Any CPU = Release|Any CPU
	EndGlobalSection
	GlobalSection(ProjectConfigurationPlatforms) = postSolution
		{83B928C4-8BAF-46F7-9158-EC7AACB41728}.Debug|Any CPU.ActiveCfg = Debug|Any CPU
		{83B928C4-8BAF-46F7-9158-EC7AACB41728}.Debug|Any CPU.Build.0 = Debug|Any CPU
		{83B928C4-8BAF-46F7-9158-EC7AACB41728}.Release|Any CPU.ActiveCfg = Release|Any CPU
		{83B928C4-8BAF-46F7-9158-EC7AACB41728}.Release|Any CPU.Build.0 = Release|Any CPU
		{0AE1BFC6-EBA2-4525-B2D1-312592F7DF79}.Debug|Any CPU.ActiveCfg = Debug|Any CPU
		{0AE1BFC6-EBA2-4525-B2D1-312592F7DF79}.Debug|Any CPU.Build.0 = Debug|Any CPU
		{0AE1BFC6-EBA2-4525-B2D1-312592F7DF79}.Release|Any CPU.ActiveCfg = Release|Any CPU
		{0AE1BFC6-EBA2-4525-B2D1-312592F7DF79}.Release|Any CPU.Build.0 = Release|Any CPU
	EndGlobalSection
	GlobalSection(SolutionProperties) = preSolution
		HideSolutionNode = FALSE
	EndGlobalSection
	GlobalSection(ExtensibilityGlobals) = postSolution
		SolutionGuid = {53012FAB-0727-46B6-8105-DD64736E1BBE}
	EndGlobalSection
EndGlobal
